# This file was autogenerated by Stack.
# You should not edit this file by hand.
# For more information, please see the documentation at:
#   https://docs.haskellstack.org/en/stable/lock_files

packages:
- completed:
    hackage: optparse-applicative-0.15.1.0@sha256:29ff6146aabf54d46c4c8788e8d1eadaea27c94f6d360c690c5f6c93dac4b07e,4810
    pantry-tree:
      size: 2904
      sha256: 04ad3816bc580cbe0834d3d1f4729ddd386abfe31b43e5b14968885f636d1b0d
  original:
    hackage: optparse-applicative-0.15.1.0@sha256:29ff6146aabf54d46c4c8788e8d1eadaea27c94f6d360c690c5f6c93dac4b07e,4810
- completed:
    hackage: data-tree-print-0.1.0.2@sha256:d845e99f322df70e0c06d6743bf80336f5918d5423498528beb0593a2afc1703,1620
    pantry-tree:
      size: 272
      sha256: b8778eb1b16fddb91b2eed2b25f33a89d1e4f7a533160de4ccbf226f82456135
  original:
    hackage: data-tree-print-0.1.0.2@sha256:d845e99f322df70e0c06d6743bf80336f5918d5423498528beb0593a2afc1703,1620
snapshots:
- completed:
    size: 590102
    url: https://raw.githubusercontent.com/commercialhaskell/stackage-snapshots/master/lts/18/27.yaml
    sha256: 79a786674930a89301b0e908fad2822a48882f3d01486117693c377b8edffdbe
  original:
    url: https://raw.githubusercontent.com/commercialhaskell/stackage-snapshots/master/lts/18/27.yaml
